
Microsoft Visual Studio Solution File, Format Version 12.00
# Visual Studio 15
VisualStudioVersion = 15.0.28010.2050
MinimumVisualStudioVersion = 10.0.40219.1
Project("{FAE04EC0-301F-11D3-BF4B-00C04F79EFBC}") = "TripLog.Android", "TripLog\TripLog.Android\TripLog.Android.csproj", "{97049268-1AE8-4227-B5C2-B77DCB3F522D}"
EndProject
Project("{FAE04EC0-301F-11D3-BF4B-00C04F79EFBC}") = "TripLog.iOS", "TripLog\TripLog.iOS\TripLog.iOS.csproj", "{8BB63834-B4C7-4FA9-B7EC-9179F70C198D}"
EndProject
Project("{9A19103F-16F7-4668-BE54-9A1E7A4F7556}") = "TripLog", "TripLog\TripLog\TripLog.csproj", "{7CCACF0C-15FA-4410-A795-EF83B2F89970}"
EndProject
Project("{FAE04EC0-301F-11D3-BF4B-00C04F79EFBC}") = "TripLog.Server", "TripLog\TripLog.Server\TripLog.Server.csproj", "{06FAA5A7-7456-49E9-96C1-23C195CA6FCF}"
EndProject
Project("{9A19103F-16F7-4668-BE54-9A1E7A4F7556}") = "TripLog.Test", "TripLog\TripLog.Test\TripLog.Test.csproj", "{B10D6E95-16AD-40F9-BA43-80D22E6C74E9}"
EndProject
Project("{FAE04EC0-301F-11D3-BF4B-00C04F79EFBC}") = "TripLog.UWP", "TripLog\TripLog.UWP\TripLog.UWP.csproj", "{6979C43A-92A9-41A3-8319-F65731A0D486}"
EndProject
Project("{FAE04EC0-301F-11D3-BF4B-00C04F79EFBC}") = "TripLog.Server.Test", "TripLog\TripLog.Server.Test\TripLog.Server.Test.csproj", "{C9C729DE-FB81-495D-97A8-300D90DA6D6A}"
EndProject
Global
	GlobalSection(SolutionConfigurationPlatforms) = preSolution
		Ad-Hoc|Any CPU = Ad-Hoc|Any CPU
		Ad-Hoc|ARM = Ad-Hoc|ARM
		Ad-Hoc|iPhone = Ad-Hoc|iPhone
		Ad-Hoc|iPhoneSimulator = Ad-Hoc|iPhoneSimulator
		Ad-Hoc|x64 = Ad-Hoc|x64
		Ad-Hoc|x86 = Ad-Hoc|x86
		AppStore|Any CPU = AppStore|Any CPU
		AppStore|ARM = AppStore|ARM
		AppStore|iPhone = AppStore|iPhone
		AppStore|iPhoneSimulator = AppStore|iPhoneSimulator
		AppStore|x64 = AppStore|x64
		AppStore|x86 = AppStore|x86
		Debug|Any CPU = Debug|Any CPU
		Debug|ARM = Debug|ARM
		Debug|iPhone = Debug|iPhone
		Debug|iPhoneSimulator = Debug|iPhoneSimulator
		Debug|x64 = Debug|x64
		Debug|x86 = Debug|x86
		Release|Any CPU = Release|Any CPU
		Release|ARM = Release|ARM
		Release|iPhone = Release|iPhone
		Release|iPhoneSimulator = Release|iPhoneSimulator
		Release|x64 = Release|x64
		Release|x86 = Release|x86
	EndGlobalSection
	GlobalSection(ProjectConfigurationPlatforms) = postSolution
		{97049268-1AE8-4227-B5C2-B77DCB3F522D}.Ad-Hoc|Any CPU.ActiveCfg = Release|Any CPU
		{97049268-1AE8-4227-B5C2-B77DCB3F522D}.Ad-Hoc|Any CPU.Build.0 = Release|Any CPU
		{97049268-1AE8-4227-B5C2-B77DCB3F522D}.Ad-Hoc|Any CPU.Deploy.0 = Release|Any CPU
		{97049268-1AE8-4227-B5C2-B77DCB3F522D}.Ad-Hoc|ARM.ActiveCfg = Debug|Any CPU
		{97049268-1AE8-4227-B5C2-B77DCB3F522D}.Ad-Hoc|ARM.Build.0 = Debug|Any CPU
		{97049268-1AE8-4227-B5C2-B77DCB3F522D}.Ad-Hoc|ARM.Deploy.0 = Debug|Any CPU
		{97049268-1AE8-4227-B5C2-B77DCB3F522D}.Ad-Hoc|iPhone.ActiveCfg = Release|Any CPU
		{97049268-1AE8-4227-B5C2-B77DCB3F522D}.Ad-Hoc|iPhone.Build.0 = Release|Any CPU
		{97049268-1AE8-4227-B5C2-B77DCB3F522D}.Ad-Hoc|iPhone.Deploy.0 = Release|Any CPU
		{97049268-1AE8-4227-B5C2-B77DCB3F522D}.Ad-Hoc|iPhoneSimulator.ActiveCfg = Release|Any CPU
		{97049268-1AE8-4227-B5C2-B77DCB3F522D}.Ad-Hoc|iPhoneSimulator.Build.0 = Release|Any CPU
		{97049268-1AE8-4227-B5C2-B77DCB3F522D}.Ad-Hoc|iPhoneSimulator.Deploy.0 = Release|Any CPU
		{97049268-1AE8-4227-B5C2-B77DCB3F522D}.Ad-Hoc|x64.ActiveCfg = Debug|Any CPU
		{97049268-1AE8-4227-B5C2-B77DCB3F522D}.Ad-Hoc|x64.Build.0 = Debug|Any CPU
		{97049268-1AE8-4227-B5C2-B77DCB3F522D}.Ad-Hoc|x64.Deploy.0 = Debug|Any CPU
		{97049268-1AE8-4227-B5C2-B77DCB3F522D}.Ad-Hoc|x86.ActiveCfg = Debug|Any CPU
		{97049268-1AE8-4227-B5C2-B77DCB3F522D}.Ad-Hoc|x86.Build.0 = Debug|Any CPU
		{97049268-1AE8-4227-B5C2-B77DCB3F522D}.Ad-Hoc|x86.Deploy.0 = Debug|Any CPU
		{97049268-1AE8-4227-B5C2-B77DCB3F522D}.AppStore|Any CPU.ActiveCfg = Release|Any CPU
		{97049268-1AE8-4227-B5C2-B77DCB3F522D}.AppStore|Any CPU.Build.0 = Release|Any CPU
		{97049268-1AE8-4227-B5C2-B77DCB3F522D}.AppStore|Any CPU.Deploy.0 = Release|Any CPU
		{97049268-1AE8-4227-B5C2-B77DCB3F522D}.AppStore|ARM.ActiveCfg = Debug|Any CPU
		{97049268-1AE8-4227-B5C2-B77DCB3F522D}.AppStore|ARM.Build.0 = Debug|Any CPU
		{97049268-1AE8-4227-B5C2-B77DCB3F522D}.AppStore|ARM.Deploy.0 = Debug|Any CPU
		{97049268-1AE8-4227-B5C2-B77DCB3F522D}.AppStore|iPhone.ActiveCfg = Release|Any CPU
		{97049268-1AE8-4227-B5C2-B77DCB3F522D}.AppStore|iPhone.Build.0 = Release|Any CPU
		{97049268-1AE8-4227-B5C2-B77DCB3F522D}.AppStore|iPhone.Deploy.0 = Release|Any CPU
		{97049268-1AE8-4227-B5C2-B77DCB3F522D}.AppStore|iPhoneSimulator.ActiveCfg = Release|Any CPU
		{97049268-1AE8-4227-B5C2-B77DCB3F522D}.AppStore|iPhoneSimulator.Build.0 = Release|Any CPU
		{97049268-1AE8-4227-B5C2-B77DCB3F522D}.AppStore|iPhoneSimulator.Deploy.0 = Release|Any CPU
		{97049268-1AE8-4227-B5C2-B77DCB3F522D}.AppStore|x64.ActiveCfg = Debug|Any CPU
		{97049268-1AE8-4227-B5C2-B77DCB3F522D}.AppStore|x64.Build.0 = Debug|Any CPU
		{97049268-1AE8-4227-B5C2-B77DCB3F522D}.AppStore|x64.Deploy.0 = Debug|Any CPU
		{97049268-1AE8-4227-B5C2-B77DCB3F522D}.AppStore|x86.ActiveCfg = Debug|Any CPU
		{97049268-1AE8-4227-B5C2-B77DCB3F522D}.AppStore|x86.Build.0 = Debug|Any CPU
		{97049268-1AE8-4227-B5C2-B77DCB3F522D}.AppStore|x86.Deploy.0 = Debug|Any CPU
		{97049268-1AE8-4227-B5C2-B77DCB3F522D}.Debug|Any CPU.ActiveCfg = Debug|Any CPU
		{97049268-1AE8-4227-B5C2-B77DCB3F522D}.Debug|Any CPU.Build.0 = Debug|Any CPU
		{97049268-1AE8-4227-B5C2-B77DCB3F522D}.Debug|Any CPU.Deploy.0 = Debug|Any CPU
		{97049268-1AE8-4227-B5C2-B77DCB3F522D}.Debug|ARM.ActiveCfg = Debug|Any CPU
		{97049268-1AE8-4227-B5C2-B77DCB3F522D}.Debug|ARM.Build.0 = Debug|Any CPU
		{97049268-1AE8-4227-B5C2-B77DCB3F522D}.Debug|ARM.Deploy.0 = Debug|Any CPU
		{97049268-1AE8-4227-B5C2-B77DCB3F522D}.Debug|iPhone.ActiveCfg = Debug|Any CPU
		{97049268-1AE8-4227-B5C2-B77DCB3F522D}.Debug|iPhone.Build.0 = Debug|Any CPU
		{97049268-1AE8-4227-B5C2-B77DCB3F522D}.Debug|iPhone.Deploy.0 = Debug|Any CPU
		{97049268-1AE8-4227-B5C2-B77DCB3F522D}.Debug|iPhoneSimulator.ActiveCfg = Debug|Any CPU
		{97049268-1AE8-4227-B5C2-B77DCB3F522D}.Debug|iPhoneSimulator.Build.0 = Debug|Any CPU
		{97049268-1AE8-4227-B5C2-B77DCB3F522D}.Debug|iPhoneSimulator.Deploy.0 = Debug|Any CPU
		{97049268-1AE8-4227-B5C2-B77DCB3F522D}.Debug|x64.ActiveCfg = Debug|Any CPU
		{97049268-1AE8-4227-B5C2-B77DCB3F522D}.Debug|x64.Build.0 = Debug|Any CPU
		{97049268-1AE8-4227-B5C2-B77DCB3F522D}.Debug|x64.Deploy.0 = Debug|Any CPU
		{97049268-1AE8-4227-B5C2-B77DCB3F522D}.Debug|x86.ActiveCfg = Debug|Any CPU
		{97049268-1AE8-4227-B5C2-B77DCB3F522D}.Debug|x86.Build.0 = Debug|Any CPU
		{97049268-1AE8-4227-B5C2-B77DCB3F522D}.Debug|x86.Deploy.0 = Debug|Any CPU
		{97049268-1AE8-4227-B5C2-B77DCB3F522D}.Release|Any CPU.ActiveCfg = Release|Any CPU
		{97049268-1AE8-4227-B5C2-B77DCB3F522D}.Release|Any CPU.Build.0 = Release|Any CPU
		{97049268-1AE8-4227-B5C2-B77DCB3F522D}.Release|Any CPU.Deploy.0 = Release|Any CPU
		{97049268-1AE8-4227-B5C2-B77DCB3F522D}.Release|ARM.ActiveCfg = Release|Any CPU
		{97049268-1AE8-4227-B5C2-B77DCB3F522D}.Release|ARM.Build.0 = Release|Any CPU
		{97049268-1AE8-4227-B5C2-B77DCB3F522D}.Release|ARM.Deploy.0 = Release|Any CPU
		{97049268-1AE8-4227-B5C2-B77DCB3F522D}.Release|iPhone.ActiveCfg = Release|Any CPU
		{97049268-1AE8-4227-B5C2-B77DCB3F522D}.Release|iPhone.Build.0 = Release|Any CPU
		{97049268-1AE8-4227-B5C2-B77DCB3F522D}.Release|iPhone.Deploy.0 = Release|Any CPU
		{97049268-1AE8-4227-B5C2-B77DCB3F522D}.Release|iPhoneSimulator.ActiveCfg = Release|Any CPU
		{97049268-1AE8-4227-B5C2-B77DCB3F522D}.Release|iPhoneSimulator.Build.0 = Release|Any CPU
		{97049268-1AE8-4227-B5C2-B77DCB3F522D}.Release|iPhoneSimulator.Deploy.0 = Release|Any CPU
		{97049268-1AE8-4227-B5C2-B77DCB3F522D}.Release|x64.ActiveCfg = Release|Any CPU
		{97049268-1AE8-4227-B5C2-B77DCB3F522D}.Release|x64.Build.0 = Release|Any CPU
		{97049268-1AE8-4227-B5C2-B77DCB3F522D}.Release|x64.Deploy.0 = Release|Any CPU
		{97049268-1AE8-4227-B5C2-B77DCB3F522D}.Release|x86.ActiveCfg = Release|Any CPU
		{97049268-1AE8-4227-B5C2-B77DCB3F522D}.Release|x86.Build.0 = Release|Any CPU
		{97049268-1AE8-4227-B5C2-B77DCB3F522D}.Release|x86.Deploy.0 = Release|Any CPU
		{8BB63834-B4C7-4FA9-B7EC-9179F70C198D}.Ad-Hoc|Any CPU.ActiveCfg = Ad-Hoc|iPhone
		{8BB63834-B4C7-4FA9-B7EC-9179F70C198D}.Ad-Hoc|Any CPU.Build.0 = Ad-Hoc|iPhone
		{8BB63834-B4C7-4FA9-B7EC-9179F70C198D}.Ad-Hoc|Any CPU.Deploy.0 = Ad-Hoc|iPhone
		{8BB63834-B4C7-4FA9-B7EC-9179F70C198D}.Ad-Hoc|ARM.ActiveCfg = Ad-Hoc|iPhoneSimulator
		{8BB63834-B4C7-4FA9-B7EC-9179F70C198D}.Ad-Hoc|iPhone.ActiveCfg = Ad-Hoc|iPhone
		{8BB63834-B4C7-4FA9-B7EC-9179F70C198D}.Ad-Hoc|iPhone.Build.0 = Ad-Hoc|iPhone
		{8BB63834-B4C7-4FA9-B7EC-9179F70C198D}.Ad-Hoc|iPhone.Deploy.0 = Ad-Hoc|iPhone
		{8BB63834-B4C7-4FA9-B7EC-9179F70C198D}.Ad-Hoc|iPhoneSimulator.ActiveCfg = Ad-Hoc|iPhoneSimulator
		{8BB63834-B4C7-4FA9-B7EC-9179F70C198D}.Ad-Hoc|iPhoneSimulator.Build.0 = Ad-Hoc|iPhoneSimulator
		{8BB63834-B4C7-4FA9-B7EC-9179F70C198D}.Ad-Hoc|iPhoneSimulator.Deploy.0 = Ad-Hoc|iPhoneSimulator
		{8BB63834-B4C7-4FA9-B7EC-9179F70C198D}.Ad-Hoc|x64.ActiveCfg = Ad-Hoc|iPhoneSimulator
		{8BB63834-B4C7-4FA9-B7EC-9179F70C198D}.Ad-Hoc|x86.ActiveCfg = Ad-Hoc|iPhoneSimulator
		{8BB63834-B4C7-4FA9-B7EC-9179F70C198D}.AppStore|Any CPU.ActiveCfg = AppStore|iPhone
		{8BB63834-B4C7-4FA9-B7EC-9179F70C198D}.AppStore|Any CPU.Build.0 = AppStore|iPhone
		{8BB63834-B4C7-4FA9-B7EC-9179F70C198D}.AppStore|Any CPU.Deploy.0 = AppStore|iPhone
		{8BB63834-B4C7-4FA9-B7EC-9179F70C198D}.AppStore|ARM.ActiveCfg = AppStore|iPhoneSimulator
		{8BB63834-B4C7-4FA9-B7EC-9179F70C198D}.AppStore|iPhone.ActiveCfg = AppStore|iPhone
		{8BB63834-B4C7-4FA9-B7EC-9179F70C198D}.AppStore|iPhone.Build.0 = AppStore|iPhone
		{8BB63834-B4C7-4FA9-B7EC-9179F70C198D}.AppStore|iPhone.Deploy.0 = AppStore|iPhone
		{8BB63834-B4C7-4FA9-B7EC-9179F70C198D}.AppStore|iPhoneSimulator.ActiveCfg = AppStore|iPhoneSimulator
		{8BB63834-B4C7-4FA9-B7EC-9179F70C198D}.AppStore|iPhoneSimulator.Build.0 = AppStore|iPhoneSimulator
		{8BB63834-B4C7-4FA9-B7EC-9179F70C198D}.AppStore|iPhoneSimulator.Deploy.0 = AppStore|iPhoneSimulator
		{8BB63834-B4C7-4FA9-B7EC-9179F70C198D}.AppStore|x64.ActiveCfg = AppStore|iPhoneSimulator
		{8BB63834-B4C7-4FA9-B7EC-9179F70C198D}.AppStore|x86.ActiveCfg = AppStore|iPhoneSimulator
		{8BB63834-B4C7-4FA9-B7EC-9179F70C198D}.Debug|Any CPU.ActiveCfg = Debug|iPhoneSimulator
		{8BB63834-B4C7-4FA9-B7EC-9179F70C198D}.Debug|Any CPU.Build.0 = Debug|iPhoneSimulator
		{8BB63834-B4C7-4FA9-B7EC-9179F70C198D}.Debug|Any CPU.Deploy.0 = Debug|iPhoneSimulator
		{8BB63834-B4C7-4FA9-B7EC-9179F70C198D}.Debug|ARM.ActiveCfg = Debug|iPhone
		{8BB63834-B4C7-4FA9-B7EC-9179F70C198D}.Debug|iPhone.ActiveCfg = Debug|iPhone
		{8BB63834-B4C7-4FA9-B7EC-9179F70C198D}.Debug|iPhone.Build.0 = Debug|iPhone
		{8BB63834-B4C7-4FA9-B7EC-9179F70C198D}.Debug|iPhone.Deploy.0 = Debug|iPhone
		{8BB63834-B4C7-4FA9-B7EC-9179F70C198D}.Debug|iPhoneSimulator.ActiveCfg = Debug|iPhoneSimulator
		{8BB63834-B4C7-4FA9-B7EC-9179F70C198D}.Debug|iPhoneSimulator.Build.0 = Debug|iPhoneSimulator
		{8BB63834-B4C7-4FA9-B7EC-9179F70C198D}.Debug|iPhoneSimulator.Deploy.0 = Debug|iPhoneSimulator
		{8BB63834-B4C7-4FA9-B7EC-9179F70C198D}.Debug|x64.ActiveCfg = Debug|iPhone
		{8BB63834-B4C7-4FA9-B7EC-9179F70C198D}.Debug|x86.ActiveCfg = Debug|iPhone
		{8BB63834-B4C7-4FA9-B7EC-9179F70C198D}.Release|Any CPU.ActiveCfg = Release|iPhone
		{8BB63834-B4C7-4FA9-B7EC-9179F70C198D}.Release|Any CPU.Build.0 = Release|iPhone
		{8BB63834-B4C7-4FA9-B7EC-9179F70C198D}.Release|Any CPU.Deploy.0 = Release|iPhone
		{8BB63834-B4C7-4FA9-B7EC-9179F70C198D}.Release|ARM.ActiveCfg = Release|iPhoneSimulator
		{8BB63834-B4C7-4FA9-B7EC-9179F70C198D}.Release|iPhone.ActiveCfg = Release|iPhone
		{8BB63834-B4C7-4FA9-B7EC-9179F70C198D}.Release|iPhone.Build.0 = Release|iPhone
		{8BB63834-B4C7-4FA9-B7EC-9179F70C198D}.Release|iPhone.Deploy.0 = Release|iPhone
		{8BB63834-B4C7-4FA9-B7EC-9179F70C198D}.Release|iPhoneSimulator.ActiveCfg = Release|iPhoneSimulator
		{8BB63834-B4C7-4FA9-B7EC-9179F70C198D}.Release|iPhoneSimulator.Build.0 = Release|iPhoneSimulator
		{8BB63834-B4C7-4FA9-B7EC-9179F70C198D}.Release|iPhoneSimulator.Deploy.0 = Release|iPhoneSimulator
		{8BB63834-B4C7-4FA9-B7EC-9179F70C198D}.Release|x64.ActiveCfg = Release|iPhoneSimulator
		{8BB63834-B4C7-4FA9-B7EC-9179F70C198D}.Release|x86.ActiveCfg = Release|iPhoneSimulator
		{7CCACF0C-15FA-4410-A795-EF83B2F89970}.Ad-Hoc|Any CPU.ActiveCfg = Debug|Any CPU
		{7CCACF0C-15FA-4410-A795-EF83B2F89970}.Ad-Hoc|Any CPU.Build.0 = Debug|Any CPU
		{7CCACF0C-15FA-4410-A795-EF83B2F89970}.Ad-Hoc|Any CPU.Deploy.0 = Debug|Any CPU
		{7CCACF0C-15FA-4410-A795-EF83B2F89970}.Ad-Hoc|ARM.ActiveCfg = Release|Any CPU
		{7CCACF0C-15FA-4410-A795-EF83B2F89970}.Ad-Hoc|ARM.Build.0 = Release|Any CPU
		{7CCACF0C-15FA-4410-A795-EF83B2F89970}.Ad-Hoc|iPhone.ActiveCfg = Debug|Any CPU
		{7CCACF0C-15FA-4410-A795-EF83B2F89970}.Ad-Hoc|iPhone.Build.0 = Debug|Any CPU
		{7CCACF0C-15FA-4410-A795-EF83B2F89970}.Ad-Hoc|iPhone.Deploy.0 = Debug|Any CPU
		{7CCACF0C-15FA-4410-A795-EF83B2F89970}.Ad-Hoc|iPhoneSimulator.ActiveCfg = Debug|Any CPU
		{7CCACF0C-15FA-4410-A795-EF83B2F89970}.Ad-Hoc|iPhoneSimulator.Build.0 = Debug|Any CPU
		{7CCACF0C-15FA-4410-A795-EF83B2F89970}.Ad-Hoc|iPhoneSimulator.Deploy.0 = Debug|Any CPU
		{7CCACF0C-15FA-4410-A795-EF83B2F89970}.Ad-Hoc|x64.ActiveCfg = Release|Any CPU
		{7CCACF0C-15FA-4410-A795-EF83B2F89970}.Ad-Hoc|x64.Build.0 = Release|Any CPU
		{7CCACF0C-15FA-4410-A795-EF83B2F89970}.Ad-Hoc|x86.ActiveCfg = Release|Any CPU
		{7CCACF0C-15FA-4410-A795-EF83B2F89970}.Ad-Hoc|x86.Build.0 = Release|Any CPU
		{7CCACF0C-15FA-4410-A795-EF83B2F89970}.AppStore|Any CPU.ActiveCfg = Debug|Any CPU
		{7CCACF0C-15FA-4410-A795-EF83B2F89970}.AppStore|Any CPU.Build.0 = Debug|Any CPU
		{7CCACF0C-15FA-4410-A795-EF83B2F89970}.AppStore|Any CPU.Deploy.0 = Debug|Any CPU
		{7CCACF0C-15FA-4410-A795-EF83B2F89970}.AppStore|ARM.ActiveCfg = Release|Any CPU
		{7CCACF0C-15FA-4410-A795-EF83B2F89970}.AppStore|ARM.Build.0 = Release|Any CPU
		{7CCACF0C-15FA-4410-A795-EF83B2F89970}.AppStore|iPhone.ActiveCfg = Debug|Any CPU
		{7CCACF0C-15FA-4410-A795-EF83B2F89970}.AppStore|iPhone.Build.0 = Debug|Any CPU
		{7CCACF0C-15FA-4410-A795-EF83B2F89970}.AppStore|iPhone.Deploy.0 = Debug|Any CPU
		{7CCACF0C-15FA-4410-A795-EF83B2F89970}.AppStore|iPhoneSimulator.ActiveCfg = Debug|Any CPU
		{7CCACF0C-15FA-4410-A795-EF83B2F89970}.AppStore|iPhoneSimulator.Build.0 = Debug|Any CPU
		{7CCACF0C-15FA-4410-A795-EF83B2F89970}.AppStore|iPhoneSimulator.Deploy.0 = Debug|Any CPU
		{7CCACF0C-15FA-4410-A795-EF83B2F89970}.AppStore|x64.ActiveCfg = Release|Any CPU
		{7CCACF0C-15FA-4410-A795-EF83B2F89970}.AppStore|x64.Build.0 = Release|Any CPU
		{7CCACF0C-15FA-4410-A795-EF83B2F89970}.AppStore|x86.ActiveCfg = Release|Any CPU
		{7CCACF0C-15FA-4410-A795-EF83B2F89970}.AppStore|x86.Build.0 = Release|Any CPU
		{7CCACF0C-15FA-4410-A795-EF83B2F89970}.Debug|Any CPU.ActiveCfg = Debug|Any CPU
		{7CCACF0C-15FA-4410-A795-EF83B2F89970}.Debug|Any CPU.Build.0 = Debug|Any CPU
		{7CCACF0C-15FA-4410-A795-EF83B2F89970}.Debug|Any CPU.Deploy.0 = Debug|Any CPU
		{7CCACF0C-15FA-4410-A795-EF83B2F89970}.Debug|ARM.ActiveCfg = Debug|Any CPU
		{7CCACF0C-15FA-4410-A795-EF83B2F89970}.Debug|ARM.Build.0 = Debug|Any CPU
		{7CCACF0C-15FA-4410-A795-EF83B2F89970}.Debug|iPhone.ActiveCfg = Debug|Any CPU
		{7CCACF0C-15FA-4410-A795-EF83B2F89970}.Debug|iPhone.Build.0 = Debug|Any CPU
		{7CCACF0C-15FA-4410-A795-EF83B2F89970}.Debug|iPhone.Deploy.0 = Debug|Any CPU
		{7CCACF0C-15FA-4410-A795-EF83B2F89970}.Debug|iPhoneSimulator.ActiveCfg = Debug|Any CPU
		{7CCACF0C-15FA-4410-A795-EF83B2F89970}.Debug|iPhoneSimulator.Build.0 = Debug|Any CPU
		{7CCACF0C-15FA-4410-A795-EF83B2F89970}.Debug|iPhoneSimulator.Deploy.0 = Debug|Any CPU
		{7CCACF0C-15FA-4410-A795-EF83B2F89970}.Debug|x64.ActiveCfg = Debug|Any CPU
		{7CCACF0C-15FA-4410-A795-EF83B2F89970}.Debug|x64.Build.0 = Debug|Any CPU
		{7CCACF0C-15FA-4410-A795-EF83B2F89970}.Debug|x86.ActiveCfg = Debug|Any CPU
		{7CCACF0C-15FA-4410-A795-EF83B2F89970}.Debug|x86.Build.0 = Debug|Any CPU
		{7CCACF0C-15FA-4410-A795-EF83B2F89970}.Release|Any CPU.ActiveCfg = Release|Any CPU
		{7CCACF0C-15FA-4410-A795-EF83B2F89970}.Release|Any CPU.Build.0 = Release|Any CPU
		{7CCACF0C-15FA-4410-A795-EF83B2F89970}.Release|Any CPU.Deploy.0 = Release|Any CPU
		{7CCACF0C-15FA-4410-A795-EF83B2F89970}.Release|ARM.ActiveCfg = Release|Any CPU
		{7CCACF0C-15FA-4410-A795-EF83B2F89970}.Release|ARM.Build.0 = Release|Any CPU
		{7CCACF0C-15FA-4410-A795-EF83B2F89970}.Release|iPhone.ActiveCfg = Release|Any CPU
		{7CCACF0C-15FA-4410-A795-EF83B2F89970}.Release|iPhone.Build.0 = Release|Any CPU
		{7CCACF0C-15FA-4410-A795-EF83B2F89970}.Release|iPhone.Deploy.0 = Release|Any CPU
		{7CCACF0C-15FA-4410-A795-EF83B2F89970}.Release|iPhoneSimulator.ActiveCfg = Release|Any CPU
		{7CCACF0C-15FA-4410-A795-EF83B2F89970}.Release|iPhoneSimulator.Build.0 = Release|Any CPU
		{7CCACF0C-15FA-4410-A795-EF83B2F89970}.Release|iPhoneSimulator.Deploy.0 = Release|Any CPU
		{7CCACF0C-15FA-4410-A795-EF83B2F89970}.Release|x64.ActiveCfg = Release|Any CPU
		{7CCACF0C-15FA-4410-A795-EF83B2F89970}.Release|x64.Build.0 = Release|Any CPU
		{7CCACF0C-15FA-4410-A795-EF83B2F89970}.Release|x86.ActiveCfg = Release|Any CPU
		{7CCACF0C-15FA-4410-A795-EF83B2F89970}.Release|x86.Build.0 = Release|Any CPU
		{06FAA5A7-7456-49E9-96C1-23C195CA6FCF}.Ad-Hoc|Any CPU.ActiveCfg = Release|Any CPU
		{06FAA5A7-7456-49E9-96C1-23C195CA6FCF}.Ad-Hoc|Any CPU.Build.0 = Release|Any CPU
		{06FAA5A7-7456-49E9-96C1-23C195CA6FCF}.Ad-Hoc|ARM.ActiveCfg = Debug|Any CPU
		{06FAA5A7-7456-49E9-96C1-23C195CA6FCF}.Ad-Hoc|ARM.Build.0 = Debug|Any CPU
		{06FAA5A7-7456-49E9-96C1-23C195CA6FCF}.Ad-Hoc|iPhone.ActiveCfg = Release|Any CPU
		{06FAA5A7-7456-49E9-96C1-23C195CA6FCF}.Ad-Hoc|iPhone.Build.0 = Release|Any CPU
		{06FAA5A7-7456-49E9-96C1-23C195CA6FCF}.Ad-Hoc|iPhoneSimulator.ActiveCfg = Release|Any CPU
		{06FAA5A7-7456-49E9-96C1-23C195CA6FCF}.Ad-Hoc|iPhoneSimulator.Build.0 = Release|Any CPU
		{06FAA5A7-7456-49E9-96C1-23C195CA6FCF}.Ad-Hoc|x64.ActiveCfg = Debug|Any CPU
		{06FAA5A7-7456-49E9-96C1-23C195CA6FCF}.Ad-Hoc|x64.Build.0 = Debug|Any CPU
		{06FAA5A7-7456-49E9-96C1-23C195CA6FCF}.Ad-Hoc|x86.ActiveCfg = Debug|Any CPU
		{06FAA5A7-7456-49E9-96C1-23C195CA6FCF}.Ad-Hoc|x86.Build.0 = Debug|Any CPU
		{06FAA5A7-7456-49E9-96C1-23C195CA6FCF}.AppStore|Any CPU.ActiveCfg = Release|Any CPU
		{06FAA5A7-7456-49E9-96C1-23C195CA6FCF}.AppStore|Any CPU.Build.0 = Release|Any CPU
		{06FAA5A7-7456-49E9-96C1-23C195CA6FCF}.AppStore|ARM.ActiveCfg = Debug|Any CPU
		{06FAA5A7-7456-49E9-96C1-23C195CA6FCF}.AppStore|ARM.Build.0 = Debug|Any CPU
		{06FAA5A7-7456-49E9-96C1-23C195CA6FCF}.AppStore|iPhone.ActiveCfg = Release|Any CPU
		{06FAA5A7-7456-49E9-96C1-23C195CA6FCF}.AppStore|iPhone.Build.0 = Release|Any CPU
		{06FAA5A7-7456-49E9-96C1-23C195CA6FCF}.AppStore|iPhoneSimulator.ActiveCfg = Release|Any CPU
		{06FAA5A7-7456-49E9-96C1-23C195CA6FCF}.AppStore|iPhoneSimulator.Build.0 = Release|Any CPU
		{06FAA5A7-7456-49E9-96C1-23C195CA6FCF}.AppStore|x64.ActiveCfg = Debug|Any CPU
		{06FAA5A7-7456-49E9-96C1-23C195CA6FCF}.AppStore|x64.Build.0 = Debug|Any CPU
		{06FAA5A7-7456-49E9-96C1-23C195CA6FCF}.AppStore|x86.ActiveCfg = Debug|Any CPU
		{06FAA5A7-7456-49E9-96C1-23C195CA6FCF}.AppStore|x86.Build.0 = Debug|Any CPU
		{06FAA5A7-7456-49E9-96C1-23C195CA6FCF}.Debug|Any CPU.ActiveCfg = Debug|Any CPU
		{06FAA5A7-7456-49E9-96C1-23C195CA6FCF}.Debug|Any CPU.Build.0 = Debug|Any CPU
		{06FAA5A7-7456-49E9-96C1-23C195CA6FCF}.Debug|ARM.ActiveCfg = Debug|Any CPU
		{06FAA5A7-7456-49E9-96C1-23C195CA6FCF}.Debug|ARM.Build.0 = Debug|Any CPU
		{06FAA5A7-7456-49E9-96C1-23C195CA6FCF}.Debug|iPhone.ActiveCfg = Debug|Any CPU
		{06FAA5A7-7456-49E9-96C1-23C195CA6FCF}.Debug|iPhone.Build.0 = Debug|Any CPU
		{06FAA5A7-7456-49E9-96C1-23C195CA6FCF}.Debug|iPhoneSimulator.ActiveCfg = Debug|Any CPU
		{06FAA5A7-7456-49E9-96C1-23C195CA6FCF}.Debug|iPhoneSimulator.Build.0 = Debug|Any CPU
		{06FAA5A7-7456-49E9-96C1-23C195CA6FCF}.Debug|x64.ActiveCfg = Debug|Any CPU
		{06FAA5A7-7456-49E9-96C1-23C195CA6FCF}.Debug|x64.Build.0 = Debug|Any CPU
		{06FAA5A7-7456-49E9-96C1-23C195CA6FCF}.Debug|x86.ActiveCfg = Debug|Any CPU
		{06FAA5A7-7456-49E9-96C1-23C195CA6FCF}.Debug|x86.Build.0 = Debug|Any CPU
		{06FAA5A7-7456-49E9-96C1-23C195CA6FCF}.Release|Any CPU.ActiveCfg = Release|Any CPU
		{06FAA5A7-7456-49E9-96C1-23C195CA6FCF}.Release|Any CPU.Build.0 = Release|Any CPU
		{06FAA5A7-7456-49E9-96C1-23C195CA6FCF}.Release|ARM.ActiveCfg = Release|Any CPU
		{06FAA5A7-7456-49E9-96C1-23C195CA6FCF}.Release|ARM.Build.0 = Release|Any CPU
		{06FAA5A7-7456-49E9-96C1-23C195CA6FCF}.Release|iPhone.ActiveCfg = Release|Any CPU
		{06FAA5A7-7456-49E9-96C1-23C195CA6FCF}.Release|iPhone.Build.0 = Release|Any CPU
		{06FAA5A7-7456-49E9-96C1-23C195CA6FCF}.Release|iPhoneSimulator.ActiveCfg = Release|Any CPU
		{06FAA5A7-7456-49E9-96C1-23C195CA6FCF}.Release|iPhoneSimulator.Build.0 = Release|Any CPU
		{06FAA5A7-7456-49E9-96C1-23C195CA6FCF}.Release|x64.ActiveCfg = Release|Any CPU
		{06FAA5A7-7456-49E9-96C1-23C195CA6FCF}.Release|x64.Build.0 = Release|Any CPU
		{06FAA5A7-7456-49E9-96C1-23C195CA6FCF}.Release|x86.ActiveCfg = Release|Any CPU
		{06FAA5A7-7456-49E9-96C1-23C195CA6FCF}.Release|x86.Build.0 = Release|Any CPU
		{B10D6E95-16AD-40F9-BA43-80D22E6C74E9}.Ad-Hoc|Any CPU.ActiveCfg = Debug|Any CPU
		{B10D6E95-16AD-40F9-BA43-80D22E6C74E9}.Ad-Hoc|Any CPU.Build.0 = Debug|Any CPU
		{B10D6E95-16AD-40F9-BA43-80D22E6C74E9}.Ad-Hoc|ARM.ActiveCfg = Release|Any CPU
		{B10D6E95-16AD-40F9-BA43-80D22E6C74E9}.Ad-Hoc|ARM.Build.0 = Release|Any CPU
		{B10D6E95-16AD-40F9-BA43-80D22E6C74E9}.Ad-Hoc|iPhone.ActiveCfg = Debug|Any CPU
		{B10D6E95-16AD-40F9-BA43-80D22E6C74E9}.Ad-Hoc|iPhone.Build.0 = Debug|Any CPU
		{B10D6E95-16AD-40F9-BA43-80D22E6C74E9}.Ad-Hoc|iPhoneSimulator.ActiveCfg = Debug|Any CPU
		{B10D6E95-16AD-40F9-BA43-80D22E6C74E9}.Ad-Hoc|iPhoneSimulator.Build.0 = Debug|Any CPU
		{B10D6E95-16AD-40F9-BA43-80D22E6C74E9}.Ad-Hoc|x64.ActiveCfg = Release|Any CPU
		{B10D6E95-16AD-40F9-BA43-80D22E6C74E9}.Ad-Hoc|x64.Build.0 = Release|Any CPU
		{B10D6E95-16AD-40F9-BA43-80D22E6C74E9}.Ad-Hoc|x86.ActiveCfg = Release|Any CPU
		{B10D6E95-16AD-40F9-BA43-80D22E6C74E9}.Ad-Hoc|x86.Build.0 = Release|Any CPU
		{B10D6E95-16AD-40F9-BA43-80D22E6C74E9}.AppStore|Any CPU.ActiveCfg = Debug|Any CPU
		{B10D6E95-16AD-40F9-BA43-80D22E6C74E9}.AppStore|Any CPU.Build.0 = Debug|Any CPU
		{B10D6E95-16AD-40F9-BA43-80D22E6C74E9}.AppStore|ARM.ActiveCfg = Release|Any CPU
		{B10D6E95-16AD-40F9-BA43-80D22E6C74E9}.AppStore|ARM.Build.0 = Release|Any CPU
		{B10D6E95-16AD-40F9-BA43-80D22E6C74E9}.AppStore|iPhone.ActiveCfg = Debug|Any CPU
		{B10D6E95-16AD-40F9-BA43-80D22E6C74E9}.AppStore|iPhone.Build.0 = Debug|Any CPU
		{B10D6E95-16AD-40F9-BA43-80D22E6C74E9}.AppStore|iPhoneSimulator.ActiveCfg = Debug|Any CPU
		{B10D6E95-16AD-40F9-BA43-80D22E6C74E9}.AppStore|iPhoneSimulator.Build.0 = Debug|Any CPU
		{B10D6E95-16AD-40F9-BA43-80D22E6C74E9}.AppStore|x64.ActiveCfg = Release|Any CPU
		{B10D6E95-16AD-40F9-BA43-80D22E6C74E9}.AppStore|x64.Build.0 = Release|Any CPU
		{B10D6E95-16AD-40F9-BA43-80D22E6C74E9}.AppStore|x86.ActiveCfg = Release|Any CPU
		{B10D6E95-16AD-40F9-BA43-80D22E6C74E9}.AppStore|x86.Build.0 = Release|Any CPU
		{B10D6E95-16AD-40F9-BA43-80D22E6C74E9}.Debug|Any CPU.ActiveCfg = Debug|Any CPU
		{B10D6E95-16AD-40F9-BA43-80D22E6C74E9}.Debug|Any CPU.Build.0 = Debug|Any CPU
		{B10D6E95-16AD-40F9-BA43-80D22E6C74E9}.Debug|ARM.ActiveCfg = Debug|Any CPU
		{B10D6E95-16AD-40F9-BA43-80D22E6C74E9}.Debug|ARM.Build.0 = Debug|Any CPU
		{B10D6E95-16AD-40F9-BA43-80D22E6C74E9}.Debug|iPhone.ActiveCfg = Debug|Any CPU
		{B10D6E95-16AD-40F9-BA43-80D22E6C74E9}.Debug|iPhone.Build.0 = Debug|Any CPU
		{B10D6E95-16AD-40F9-BA43-80D22E6C74E9}.Debug|iPhoneSimulator.ActiveCfg = Debug|Any CPU
		{B10D6E95-16AD-40F9-BA43-80D22E6C74E9}.Debug|iPhoneSimulator.Build.0 = Debug|Any CPU
		{B10D6E95-16AD-40F9-BA43-80D22E6C74E9}.Debug|x64.ActiveCfg = Debug|Any CPU
		{B10D6E95-16AD-40F9-BA43-80D22E6C74E9}.Debug|x64.Build.0 = Debug|Any CPU
		{B10D6E95-16AD-40F9-BA43-80D22E6C74E9}.Debug|x86.ActiveCfg = Debug|Any CPU
		{B10D6E95-16AD-40F9-BA43-80D22E6C74E9}.Debug|x86.Build.0 = Debug|Any CPU
		{B10D6E95-16AD-40F9-BA43-80D22E6C74E9}.Release|Any CPU.ActiveCfg = Release|Any CPU
		{B10D6E95-16AD-40F9-BA43-80D22E6C74E9}.Release|Any CPU.Build.0 = Release|Any CPU
		{B10D6E95-16AD-40F9-BA43-80D22E6C74E9}.Release|ARM.ActiveCfg = Release|Any CPU
		{B10D6E95-16AD-40F9-BA43-80D22E6C74E9}.Release|ARM.Build.0 = Release|Any CPU
		{B10D6E95-16AD-40F9-BA43-80D22E6C74E9}.Release|iPhone.ActiveCfg = Release|Any CPU
		{B10D6E95-16AD-40F9-BA43-80D22E6C74E9}.Release|iPhone.Build.0 = Release|Any CPU
		{B10D6E95-16AD-40F9-BA43-80D22E6C74E9}.Release|iPhoneSimulator.ActiveCfg = Release|Any CPU
		{B10D6E95-16AD-40F9-BA43-80D22E6C74E9}.Release|iPhoneSimulator.Build.0 = Release|Any CPU
		{B10D6E95-16AD-40F9-BA43-80D22E6C74E9}.Release|x64.ActiveCfg = Release|Any CPU
		{B10D6E95-16AD-40F9-BA43-80D22E6C74E9}.Release|x64.Build.0 = Release|Any CPU
		{B10D6E95-16AD-40F9-BA43-80D22E6C74E9}.Release|x86.ActiveCfg = Release|Any CPU
		{B10D6E95-16AD-40F9-BA43-80D22E6C74E9}.Release|x86.Build.0 = Release|Any CPU
		{6979C43A-92A9-41A3-8319-F65731A0D486}.Ad-Hoc|Any CPU.ActiveCfg = Release|x86
		{6979C43A-92A9-41A3-8319-F65731A0D486}.Ad-Hoc|Any CPU.Build.0 = Release|x86
		{6979C43A-92A9-41A3-8319-F65731A0D486}.Ad-Hoc|Any CPU.Deploy.0 = Release|x86
		{6979C43A-92A9-41A3-8319-F65731A0D486}.Ad-Hoc|ARM.ActiveCfg = Release|ARM
		{6979C43A-92A9-41A3-8319-F65731A0D486}.Ad-Hoc|ARM.Build.0 = Release|ARM
		{6979C43A-92A9-41A3-8319-F65731A0D486}.Ad-Hoc|ARM.Deploy.0 = Release|ARM
		{6979C43A-92A9-41A3-8319-F65731A0D486}.Ad-Hoc|iPhone.ActiveCfg = Release|x86
		{6979C43A-92A9-41A3-8319-F65731A0D486}.Ad-Hoc|iPhone.Build.0 = Release|x86
		{6979C43A-92A9-41A3-8319-F65731A0D486}.Ad-Hoc|iPhone.Deploy.0 = Release|x86
		{6979C43A-92A9-41A3-8319-F65731A0D486}.Ad-Hoc|iPhoneSimulator.ActiveCfg = Release|x86
		{6979C43A-92A9-41A3-8319-F65731A0D486}.Ad-Hoc|iPhoneSimulator.Build.0 = Release|x86
		{6979C43A-92A9-41A3-8319-F65731A0D486}.Ad-Hoc|iPhoneSimulator.Deploy.0 = Release|x86
		{6979C43A-92A9-41A3-8319-F65731A0D486}.Ad-Hoc|x64.ActiveCfg = Release|x64
		{6979C43A-92A9-41A3-8319-F65731A0D486}.Ad-Hoc|x64.Build.0 = Release|x64
		{6979C43A-92A9-41A3-8319-F65731A0D486}.Ad-Hoc|x64.Deploy.0 = Release|x64
		{6979C43A-92A9-41A3-8319-F65731A0D486}.Ad-Hoc|x86.ActiveCfg = Release|x86
		{6979C43A-92A9-41A3-8319-F65731A0D486}.Ad-Hoc|x86.Build.0 = Release|x86
		{6979C43A-92A9-41A3-8319-F65731A0D486}.Ad-Hoc|x86.Deploy.0 = Release|x86
		{6979C43A-92A9-41A3-8319-F65731A0D486}.AppStore|Any CPU.ActiveCfg = Release|x86
		{6979C43A-92A9-41A3-8319-F65731A0D486}.AppStore|Any CPU.Build.0 = Release|x86
		{6979C43A-92A9-41A3-8319-F65731A0D486}.AppStore|Any CPU.Deploy.0 = Release|x86
		{6979C43A-92A9-41A3-8319-F65731A0D486}.AppStore|ARM.ActiveCfg = Release|ARM
		{6979C43A-92A9-41A3-8319-F65731A0D486}.AppStore|ARM.Build.0 = Release|ARM
		{6979C43A-92A9-41A3-8319-F65731A0D486}.AppStore|ARM.Deploy.0 = Release|ARM
		{6979C43A-92A9-41A3-8319-F65731A0D486}.AppStore|iPhone.ActiveCfg = Release|x86
		{6979C43A-92A9-41A3-8319-F65731A0D486}.AppStore|iPhone.Build.0 = Release|x86
		{6979C43A-92A9-41A3-8319-F65731A0D486}.AppStore|iPhone.Deploy.0 = Release|x86
		{6979C43A-92A9-41A3-8319-F65731A0D486}.AppStore|iPhoneSimulator.ActiveCfg = Release|x86
		{6979C43A-92A9-41A3-8319-F65731A0D486}.AppStore|iPhoneSimulator.Build.0 = Release|x86
		{6979C43A-92A9-41A3-8319-F65731A0D486}.AppStore|iPhoneSimulator.Deploy.0 = Release|x86
		{6979C43A-92A9-41A3-8319-F65731A0D486}.AppStore|x64.ActiveCfg = Release|x64
		{6979C43A-92A9-41A3-8319-F65731A0D486}.AppStore|x64.Build.0 = Release|x64
		{6979C43A-92A9-41A3-8319-F65731A0D486}.AppStore|x64.Deploy.0 = Release|x64
		{6979C43A-92A9-41A3-8319-F65731A0D486}.AppStore|x86.ActiveCfg = Release|x86
		{6979C43A-92A9-41A3-8319-F65731A0D486}.AppStore|x86.Build.0 = Release|x86
		{6979C43A-92A9-41A3-8319-F65731A0D486}.AppStore|x86.Deploy.0 = Release|x86
		{6979C43A-92A9-41A3-8319-F65731A0D486}.Debug|Any CPU.ActiveCfg = Debug|x86
		{6979C43A-92A9-41A3-8319-F65731A0D486}.Debug|ARM.ActiveCfg = Debug|ARM
		{6979C43A-92A9-41A3-8319-F65731A0D486}.Debug|ARM.Build.0 = Debug|ARM
		{6979C43A-92A9-41A3-8319-F65731A0D486}.Debug|ARM.Deploy.0 = Debug|ARM
		{6979C43A-92A9-41A3-8319-F65731A0D486}.Debug|iPhone.ActiveCfg = Debug|x86
		{6979C43A-92A9-41A3-8319-F65731A0D486}.Debug|iPhoneSimulator.ActiveCfg = Debug|x86
		{6979C43A-92A9-41A3-8319-F65731A0D486}.Debug|x64.ActiveCfg = Debug|x64
		{6979C43A-92A9-41A3-8319-F65731A0D486}.Debug|x64.Build.0 = Debug|x64
		{6979C43A-92A9-41A3-8319-F65731A0D486}.Debug|x64.Deploy.0 = Debug|x64
		{6979C43A-92A9-41A3-8319-F65731A0D486}.Debug|x86.ActiveCfg = Debug|x86
		{6979C43A-92A9-41A3-8319-F65731A0D486}.Debug|x86.Build.0 = Debug|x86
		{6979C43A-92A9-41A3-8319-F65731A0D486}.Debug|x86.Deploy.0 = Debug|x86
		{6979C43A-92A9-41A3-8319-F65731A0D486}.Release|Any CPU.ActiveCfg = Release|x86
		{6979C43A-92A9-41A3-8319-F65731A0D486}.Release|ARM.ActiveCfg = Release|ARM
		{6979C43A-92A9-41A3-8319-F65731A0D486}.Release|ARM.Build.0 = Release|ARM
		{6979C43A-92A9-41A3-8319-F65731A0D486}.Release|ARM.Deploy.0 = Release|ARM
		{6979C43A-92A9-41A3-8319-F65731A0D486}.Release|iPhone.ActiveCfg = Release|x86
		{6979C43A-92A9-41A3-8319-F65731A0D486}.Release|iPhoneSimulator.ActiveCfg = Release|x86
		{6979C43A-92A9-41A3-8319-F65731A0D486}.Release|x64.ActiveCfg = Release|x64
		{6979C43A-92A9-41A3-8319-F65731A0D486}.Release|x64.Build.0 = Release|x64
		{6979C43A-92A9-41A3-8319-F65731A0D486}.Release|x64.Deploy.0 = Release|x64
		{6979C43A-92A9-41A3-8319-F65731A0D486}.Release|x86.ActiveCfg = Release|x86
		{6979C43A-92A9-41A3-8319-F65731A0D486}.Release|x86.Build.0 = Release|x86
		{6979C43A-92A9-41A3-8319-F65731A0D486}.Release|x86.Deploy.0 = Release|x86
		{C9C729DE-FB81-495D-97A8-300D90DA6D6A}.Ad-Hoc|Any CPU.ActiveCfg = Release|Any CPU
		{C9C729DE-FB81-495D-97A8-300D90DA6D6A}.Ad-Hoc|Any CPU.Build.0 = Release|Any CPU
		{C9C729DE-FB81-495D-97A8-300D90DA6D6A}.Ad-Hoc|ARM.ActiveCfg = Release|Any CPU
		{C9C729DE-FB81-495D-97A8-300D90DA6D6A}.Ad-Hoc|ARM.Build.0 = Release|Any CPU
		{C9C729DE-FB81-495D-97A8-300D90DA6D6A}.Ad-Hoc|iPhone.ActiveCfg = Release|Any CPU
		{C9C729DE-FB81-495D-97A8-300D90DA6D6A}.Ad-Hoc|iPhone.Build.0 = Release|Any CPU
		{C9C729DE-FB81-495D-97A8-300D90DA6D6A}.Ad-Hoc|iPhoneSimulator.ActiveCfg = Release|Any CPU
		{C9C729DE-FB81-495D-97A8-300D90DA6D6A}.Ad-Hoc|iPhoneSimulator.Build.0 = Release|Any CPU
		{C9C729DE-FB81-495D-97A8-300D90DA6D6A}.Ad-Hoc|x64.ActiveCfg = Release|Any CPU
		{C9C729DE-FB81-495D-97A8-300D90DA6D6A}.Ad-Hoc|x64.Build.0 = Release|Any CPU
		{C9C729DE-FB81-495D-97A8-300D90DA6D6A}.Ad-Hoc|x86.ActiveCfg = Release|Any CPU
		{C9C729DE-FB81-495D-97A8-300D90DA6D6A}.Ad-Hoc|x86.Build.0 = Release|Any CPU
		{C9C729DE-FB81-495D-97A8-300D90DA6D6A}.AppStore|Any CPU.ActiveCfg = Release|Any CPU
		{C9C729DE-FB81-495D-97A8-300D90DA6D6A}.AppStore|Any CPU.Build.0 = Release|Any CPU
		{C9C729DE-FB81-495D-97A8-300D90DA6D6A}.AppStore|ARM.ActiveCfg = Release|Any CPU
		{C9C729DE-FB81-495D-97A8-300D90DA6D6A}.AppStore|ARM.Build.0 = Release|Any CPU
		{C9C729DE-FB81-495D-97A8-300D90DA6D6A}.AppStore|iPhone.ActiveCfg = Release|Any CPU
		{C9C729DE-FB81-495D-97A8-300D90DA6D6A}.AppStore|iPhone.Build.0 = Release|Any CPU
		{C9C729DE-FB81-495D-97A8-300D90DA6D6A}.AppStore|iPhoneSimulator.ActiveCfg = Release|Any CPU
		{C9C729DE-FB81-495D-97A8-300D90DA6D6A}.AppStore|iPhoneSimulator.Build.0 = Release|Any CPU
		{C9C729DE-FB81-495D-97A8-300D90DA6D6A}.AppStore|x64.ActiveCfg = Release|Any CPU
		{C9C729DE-FB81-495D-97A8-300D90DA6D6A}.AppStore|x64.Build.0 = Release|Any CPU
		{C9C729DE-FB81-495D-97A8-300D90DA6D6A}.AppStore|x86.ActiveCfg = Release|Any CPU
		{C9C729DE-FB81-495D-97A8-300D90DA6D6A}.AppStore|x86.Build.0 = Release|Any CPU
		{C9C729DE-FB81-495D-97A8-300D90DA6D6A}.Debug|Any CPU.ActiveCfg = Debug|Any CPU
		{C9C729DE-FB81-495D-97A8-300D90DA6D6A}.Debug|Any CPU.Build.0 = Debug|Any CPU
		{C9C729DE-FB81-495D-97A8-300D90DA6D6A}.Debug|ARM.ActiveCfg = Debug|Any CPU
		{C9C729DE-FB81-495D-97A8-300D90DA6D6A}.Debug|ARM.Build.0 = Debug|Any CPU
		{C9C729DE-FB81-495D-97A8-300D90DA6D6A}.Debug|iPhone.ActiveCfg = Debug|Any CPU
		{C9C729DE-FB81-495D-97A8-300D90DA6D6A}.Debug|iPhone.Build.0 = Debug|Any CPU
		{C9C729DE-FB81-495D-97A8-300D90DA6D6A}.Debug|iPhoneSimulator.ActiveCfg = Debug|Any CPU
		{C9C729DE-FB81-495D-97A8-300D90DA6D6A}.Debug|iPhoneSimulator.Build.0 = Debug|Any CPU
		{C9C729DE-FB81-495D-97A8-300D90DA6D6A}.Debug|x64.ActiveCfg = Debug|Any CPU
		{C9C729DE-FB81-495D-97A8-300D90DA6D6A}.Debug|x64.Build.0 = Debug|Any CPU
		{C9C729DE-FB81-495D-97A8-300D90DA6D6A}.Debug|x86.ActiveCfg = Debug|Any CPU
		{C9C729DE-FB81-495D-97A8-300D90DA6D6A}.Debug|x86.Build.0 = Debug|Any CPU
		{C9C729DE-FB81-495D-97A8-300D90DA6D6A}.Release|Any CPU.ActiveCfg = Release|Any CPU
		{C9C729DE-FB81-495D-97A8-300D90DA6D6A}.Release|Any CPU.Build.0 = Release|Any CPU
		{C9C729DE-FB81-495D-97A8-300D90DA6D6A}.Release|ARM.ActiveCfg = Release|Any CPU
		{C9C729DE-FB81-495D-97A8-300D90DA6D6A}.Release|ARM.Build.0 = Release|Any CPU
		{C9C729DE-FB81-495D-97A8-300D90DA6D6A}.Release|iPhone.ActiveCfg = Release|Any CPU
		{C9C729DE-FB81-495D-97A8-300D90DA6D6A}.Release|iPhone.Build.0 = Release|Any CPU
		{C9C729DE-FB81-495D-97A8-300D90DA6D6A}.Release|iPhoneSimulator.ActiveCfg = Release|Any CPU
		{C9C729DE-FB81-495D-97A8-300D90DA6D6A}.Release|iPhoneSimulator.Build.0 = Release|Any CPU
		{C9C729DE-FB81-495D-97A8-300D90DA6D6A}.Release|x64.ActiveCfg = Release|Any CPU
		{C9C729DE-FB81-495D-97A8-300D90DA6D6A}.Release|x64.Build.0 = Release|Any CPU
		{C9C729DE-FB81-495D-97A8-300D90DA6D6A}.Release|x86.ActiveCfg = Release|Any CPU
		{C9C729DE-FB81-495D-97A8-300D90DA6D6A}.Release|x86.Build.0 = Release|Any CPU
	EndGlobalSection
	GlobalSection(SolutionProperties) = preSolution
		HideSolutionNode = FALSE
	EndGlobalSection
	GlobalSection(ExtensibilityGlobals) = postSolution
		SolutionGuid = {B4E55E3D-7033-4B90-9A7A-981F3470706A}
	EndGlobalSection
EndGlobal
